
Microsoft Visual Studio Solution File, Format Version 12.00
# Visual Studio 15
VisualStudioVersion = 15.0.28306.52
MinimumVisualStudioVersion = 10.0.40219.1
Project("{FAE04EC0-301F-11D3-BF4B-00C04F79EFBC}") = "Projekt", "Projekt\Projekt.csproj", "{4C1AAACC-01E2-44FB-A294-59300DA13B14}"
EndProject
Global
	GlobalSection(SolutionConfigurationPlatforms) = preSolution
		Debug|Any CPU = Debug|Any CPU
		Release|Any CPU = Release|Any CPU
	EndGlobalSection
	GlobalSection(ProjectConfigurationPlatforms) = postSolution
		{4C1AAACC-01E2-44FB-A294-59300DA13B14}.Debug|Any CPU.ActiveCfg = Debug|Any CPU
		{4C1AAACC-01E2-44FB-A294-59300DA13B14}.Debug|Any CPU.Build.0 = Debug|Any CPU
		{4C1AAACC-01E2-44FB-A294-59300DA13B14}.Release|Any CPU.ActiveCfg = Release|Any CPU
		{4C1AAACC-01E2-44FB-A294-59300DA13B14}.Release|Any CPU.Build.0 = Release|Any CPU
	EndGlobalSection
	GlobalSection(SolutionProperties) = preSolution
		HideSolutionNode = FALSE
	EndGlobalSection
	GlobalSection(ExtensibilityGlobals) = postSolution
		SolutionGuid = {17C88AEC-FA32-4757-89DF-5CE8207CFCC8}
	EndGlobalSection
EndGlobal
